<?xml version="1.0" encoding="utf-8"?>
<Project ToolsVersion="4.0" xmlns="http://schemas.microsoft.com/developer/msbuild/2003">
  <ItemGroup>
    <Filter Include="Source Files">
      <UniqueIdentifier>{4FC737F1-C7A5-4376-A066-2A32D752A2FF}</UniqueIdentifier>
      <Extensions>cpp;c;cc;cxx;c++;def;odl;idl;hpj;bat;asm;asmx</Extensions>
    </Filter>
    <Filter Include="Header Files">
      <UniqueIdentifier>{93995380-89BD-4b04-88EB-625FBE52EBFB}</UniqueIdentifier>
      <Extensions>h;hh;hpp;hxx;h++;hm;inl;inc;ipp;xsd</Extensions>
    </Filter>
    <Filter Include="Resource Files">
      <UniqueIdentifier>{67DA6AB6-F800-4c08-8B7A-83BB121AAD01}</UniqueIdentifier>
      <Extensions>rc;ico;cur;bmp;dlg;rc2;rct;bin;rgs;gif;jpg;jpeg;jpe;resx;tiff;tif;png;wav;mfcribbon-ms</Extensions>
    </Filter>
    <Filter Include="pch">
      <UniqueIdentifier>{5ea5c778-42d0-42e6-ac32-a564e383b98c}</UniqueIdentifier>
    </Filter>
    <Filter Include="MainEntry">
      <UniqueIdentifier>{a9843463-69d4-42d4-90e7-b0059c4967cb}</UniqueIdentifier>
    </Filter>
    <Filter Include="D3D">
      <UniqueIdentifier>{a4c1e9fa-a3fc-423b-b00e-f6057c87b0b5}</UniqueIdentifier>
    </Filter>
    <Filter Include="D2D">
      <UniqueIdentifier>{745d6f9f-5215-4867-a0ea-5a77d8ea0db0}</UniqueIdentifier>
    </Filter>
    <Filter Include="Util">
      <UniqueIdentifier>{af86dac8-f048-4db3-97d0-469cba61c4c2}</UniqueIdentifier>
    </Filter>
    <Filter Include="D3D\Shader">
      <UniqueIdentifier>{0b37ae14-b95b-4854-a7ec-366a7d730f75}</UniqueIdentifier>
    </Filter>
    <Filter Include="DirectXTex">
      <UniqueIdentifier>{5ad10e01-9800-40dd-ba10-722c9d4a77aa}</UniqueIdentifier>
    </Filter>
  </ItemGroup>
  <ItemGroup>
    <ClInclude Include="framework.h">
      <Filter>Header Files</Filter>
    </ClInclude>
    <ClInclude Include="targetver.h">
      <Filter>Header Files</Filter>
    </ClInclude>
    <ClInclude Include="Resource.h">
      <Filter>Header Files</Filter>
    </ClInclude>
    <ClInclude Include="2DFrameWork.h">
      <Filter>Header Files</Filter>
    </ClInclude>
    <ClInclude Include="pch.h">
      <Filter>pch</Filter>
    </ClInclude>
    <ClInclude Include="d3d_type.h">
      <Filter>D3D</Filter>
    </ClInclude>
    <ClInclude Include="D3DHelper.h">
      <Filter>D3D</Filter>
    </ClInclude>
    <ClInclude Include="D3DRenderer.h">
      <Filter>D3D</Filter>
    </ClInclude>
    <ClInclude Include="D2DView.h">
      <Filter>D2D</Filter>
    </ClInclude>
    <ClInclude Include="Util.h">
      <Filter>Util</Filter>
    </ClInclude>
    <ClInclude Include="DirectXTex\DirectXTex.h">
      <Filter>DirectXTex</Filter>
    </ClInclude>
  </ItemGroup>
  <ItemGroup>
    <ClCompile Include="pch.cpp">
      <Filter>pch</Filter>
    </ClCompile>
    <ClCompile Include="main.cpp">
      <Filter>MainEntry</Filter>
    </ClCompile>
    <ClCompile Include="D3DHelper.cpp">
      <Filter>D3D</Filter>
    </ClCompile>
    <ClCompile Include="D3DRenderer.cpp">
      <Filter>D3D</Filter>
    </ClCompile>
    <ClCompile Include="D2DView.cpp">
      <Filter>D2D</Filter>
    </ClCompile>
    <ClCompile Include="Util.cpp">
      <Filter>Util</Filter>
    </ClCompile>
  </ItemGroup>
  <ItemGroup>
    <ResourceCompile Include="2DFrameWork.rc">
      <Filter>Resource Files</Filter>
    </ResourceCompile>
  </ItemGroup>
  <ItemGroup>
    <Image Include="small.ico">
      <Filter>Resource Files</Filter>
    </Image>
    <Image Include="2DFrameWork.ico">
      <Filter>Resource Files</Filter>
    </Image>
  </ItemGroup>
  <ItemGroup>
    <None Include="math.inl">
      <Filter>D3D</Filter>
    </None>
    <None Include="Shaders\sh_common.hlsl">
      <Filter>D3D\Shader</Filter>
    </None>
    <None Include="DirectXTex\DirectXTex.inl">
      <Filter>DirectXTex</Filter>
    </None>
  </ItemGroup>
  <ItemGroup>
    <CustomBuild Include="Shaders\sh_sprite.hlsl">
      <Filter>D3D\Shader</Filter>
    </CustomBuild>
  </ItemGroup>
</Project>